<?xml version="1.0" encoding="utf-8"?>
<Project ToolsVersion="4.0" xmlns="http://schemas.microsoft.com/developer/msbuild/2003">
  <ItemGroup>
    <Filter Include="Source Files">
      <UniqueIdentifier>{4FC737F1-C7A5-4376-A066-2A32D752A2FF}</UniqueIdentifier>
      <Extensions>cpp;c;cc;cxx;def;odl;idl;hpj;bat;asm;asmx</Extensions>
    </Filter>
    <Filter Include="Header Files">
      <UniqueIdentifier>{93995380-89BD-4b04-88EB-625FBE52EBFB}</UniqueIdentifier>
      <Extensions>h;hpp;hxx;hm;inl;inc;xsd</Extensions>
    </Filter>
    <Filter Include="Resource Files">
      <UniqueIdentifier>{67DA6AB6-F800-4c08-8B7A-83BB121AAD01}</UniqueIdentifier>
      <Extensions>rc;ico;cur;bmp;dlg;rc2;rct;bin;rgs;gif;jpg;jpeg;jpe;resx;tiff;tif;png;wav;mfcribbon-ms</Extensions>
    </Filter>
    <Filter Include="JavaScript">
      <UniqueIdentifier>{f110b503-45fc-4071-b9ea-6b03a507b724}</UniqueIdentifier>
    </Filter>
  </ItemGroup>
  <ItemGroup>
    <Text Include="ReadMe.txt" />
  </ItemGroup>
  <ItemGroup>
    <ClInclude Include="targetver.h">
      <Filter>Header Files</Filter>
    </ClInclude>
    <ClInclude Include="MemFile.h">
      <Filter>Header Files</Filter>
    </ClInclude>
    <ClInclude Include="CallBase.h">
      <Filter>Header Files</Filter>
    </ClInclude>
    <ClInclude Include="CallWriteFile.h">
      <Filter>Header Files</Filter>
    </ClInclude>
    <ClInclude Include="CallClose.h">
      <Filter>Header Files</Filter>
    </ClInclude>
    <ClInclude Include="CallOpen.h">
      <Filter>Header Files</Filter>
    </ClInclude>
    <ClInclude Include="CallPuts.h">
      <Filter>Header Files</Filter>
    </ClInclude>
    <ClInclude Include="CallReadFile.h">
      <Filter>Header Files</Filter>
    </ClInclude>
    <ClInclude Include="CallSetImmediate.h">
      <Filter>Header Files</Filter>
    </ClInclude>
    <ClInclude Include="CallSleep.h">
      <Filter>Header Files</Filter>
    </ClInclude>
    <ClInclude Include="CallUnlink.h">
      <Filter>Header Files</Filter>
    </ClInclude>
    <ClInclude Include="CallWrite.h">
      <Filter>Header Files</Filter>
    </ClInclude>
    <ClInclude Include="standard.h">
      <Filter>Header Files</Filter>
    </ClInclude>
    <ClInclude Include="ClassHeap.h">
      <Filter>Header Files</Filter>
    </ClInclude>
    <ClInclude Include="ClassHeapDef.h">
      <Filter>Header Files</Filter>
    </ClInclude>
    <ClInclude Include="Critical.h">
      <Filter>Header Files</Filter>
    </ClInclude>
    <ClInclude Include="CriticalIsolate.h">
      <Filter>Header Files</Filter>
    </ClInclude>
    <ClInclude Include="InterlockedQueue.h">
      <Filter>Header Files</Filter>
    </ClInclude>
    <ClInclude Include="IOCompletionPort.h">
      <Filter>Header Files</Filter>
    </ClInclude>
    <ClInclude Include="mThrowFailure.h">
      <Filter>Header Files</Filter>
    </ClInclude>
    <ClInclude Include="process_methods.h">
      <Filter>Header Files</Filter>
    </ClInclude>
    <ClInclude Include="slist.h">
      <Filter>Header Files</Filter>
    </ClInclude>
    <ClInclude Include="UmsCompletionList.h">
      <Filter>Header Files</Filter>
    </ClInclude>
    <ClInclude Include="UmsThread.h">
      <Filter>Header Files</Filter>
    </ClInclude>
    <ClInclude Include="ThreadAttributes.h">
      <Filter>Header Files</Filter>
    </ClInclude>
    <ClInclude Include="IOCPHandle.h">
      <Filter>Header Files</Filter>
    </ClInclude>
  </ItemGroup>
  <ItemGroup>
    <ClCompile Include="v8green.cpp">
      <Filter>Source Files</Filter>
    </ClCompile>
    <ClCompile Include="MemFile.cpp">
      <Filter>Source Files</Filter>
    </ClCompile>
    <ClCompile Include="mThrowFailure.cpp">
      <Filter>Source Files</Filter>
    </ClCompile>
    <ClCompile Include="CallBase.cpp">
      <Filter>Source Files</Filter>
    </ClCompile>
    <ClCompile Include="CallClose.cpp">
      <Filter>Source Files</Filter>
    </ClCompile>
    <ClCompile Include="CallOpen.cpp">
      <Filter>Source Files</Filter>
    </ClCompile>
    <ClCompile Include="CallPuts.cpp">
      <Filter>Source Files</Filter>
    </ClCompile>
    <ClCompile Include="CallReadFile.cpp">
      <Filter>Source Files</Filter>
    </ClCompile>
    <ClCompile Include="CallSetImmediate.cpp">
      <Filter>Source Files</Filter>
    </ClCompile>
    <ClCompile Include="CallSleep.cpp">
      <Filter>Source Files</Filter>
    </ClCompile>
    <ClCompile Include="CallUnlink.cpp">
      <Filter>Source Files</Filter>
    </ClCompile>
    <ClCompile Include="CallWrite.cpp">
      <Filter>Source Files</Filter>
    </ClCompile>
    <ClCompile Include="CallWriteFile.cpp">
      <Filter>Source Files</Filter>
    </ClCompile>
    <ClCompile Include="ClassHeap.cpp">
      <Filter>Source Files</Filter>
    </ClCompile>
    <ClCompile Include="Critical.cpp">
      <Filter>Source Files</Filter>
    </ClCompile>
    <ClCompile Include="CriticalIsolate.cpp">
      <Filter>Source Files</Filter>
    </ClCompile>
    <ClCompile Include="IOCompletionPort.cpp">
      <Filter>Source Files</Filter>
    </ClCompile>
    <ClCompile Include="UmsCompletionList.cpp">
      <Filter>Source Files</Filter>
    </ClCompile>
    <ClCompile Include="UmsThread.cpp">
      <Filter>Source Files</Filter>
    </ClCompile>
    <ClCompile Include="ThreadAttributes.cpp">
      <Filter>Source Files</Filter>
    </ClCompile>
    <ClCompile Include="IOCPHandle.cpp">
      <Filter>Source Files</Filter>
    </ClCompile>
  </ItemGroup>
  <ItemGroup>
    <None Include="sleeptest.js">
      <Filter>JavaScript</Filter>
    </None>
    <None Include="asyncFiles.js">
      <Filter>JavaScript</Filter>
    </None>
    <None Include="newTest.js">
      <Filter>JavaScript</Filter>
    </None>
  </ItemGroup>
  <ItemGroup>
    <CustomBuild Include="coffeeTest.coffee">
      <Filter>JavaScript</Filter>
    </CustomBuild>
  </ItemGroup>
</Project>